
Microsoft Visual Studio Solution File, Format Version 12.00
# Visual Studio Version 17
VisualStudioVersion = 17.14.36603.0
MinimumVisualStudioVersion = 10.0.40219.1
Project("{FAE04EC0-301F-11D3-BF4B-00C04F79EFBC}") = "Web.App", "Web.App.csproj", "{821496F2-11B9-42BE-A952-53FA6F98637C}"
EndProject
Project("{FAE04EC0-301F-11D3-BF4B-00C04F79EFBC}") = "Web.Helper", "..\Web.Helper\Web.Helper.csproj", "{21B31712-E66A-4FF5-9922-8A37CAAB0527}"
EndProject
Project("{FAE04EC0-301F-11D3-BF4B-00C04F79EFBC}") = "Web.BLL", "..\Web.BLL\Web.BLL.csproj", "{1556DC7D-CA2A-456F-83E9-2F8419F28985}"
EndProject
Project("{FAE04EC0-301F-11D3-BF4B-00C04F79EFBC}") = "Web.Core", "..\Web.Core\Web.Core.csproj", "{694E9E67-D4E1-45CD-BBB8-13CD05A54385}"
EndProject
Project("{FAE04EC0-301F-11D3-BF4B-00C04F79EFBC}") = "Web.DTO", "..\Web.DTO\Web.DTO.csproj", "{818B7B41-D43F-4842-B335-B3F1ADD24CFD}"
EndProject
Project("{FAE04EC0-301F-11D3-BF4B-00C04F79EFBC}") = "Web.Infrastructure", "..\Infrastructure\Web.Infrastructure.csproj", "{62586428-8594-454A-B047-E60B5E967C84}"
EndProject
Project("{2150E333-8FDC-42A3-9474-1A3956D46DE8}") = "Bll", "Bll", "{02EA681E-C7D8-13C7-8484-4AC65E1B71E8}"
EndProject
Project("{2150E333-8FDC-42A3-9474-1A3956D46DE8}") = "APP", "APP", "{22849306-C2D0-4687-AEF1-8856AFCABD2A}"
EndProject
Project("{2150E333-8FDC-42A3-9474-1A3956D46DE8}") = "Core", "Core", "{555DA7F7-1398-4456-AF37-85C97BB968A6}"
EndProject
Project("{2150E333-8FDC-42A3-9474-1A3956D46DE8}") = "DTO", "DTO", "{B013A24C-7130-45ED-9E8C-5F899C0102D3}"
EndProject
Project("{2150E333-8FDC-42A3-9474-1A3956D46DE8}") = "Helper", "Helper", "{856BFE51-B0E9-4E06-BEB3-A7047BC9FEAC}"
EndProject
Project("{2150E333-8FDC-42A3-9474-1A3956D46DE8}") = "Infrastructure", "Infrastructure", "{84098EAD-2AA8-4EF7-8FA3-3527E966FD50}"
EndProject
Global
	GlobalSection(SolutionConfigurationPlatforms) = preSolution
		Debug|Any CPU = Debug|Any CPU
		Release|Any CPU = Release|Any CPU
	EndGlobalSection
	GlobalSection(ProjectConfigurationPlatforms) = postSolution
		{821496F2-11B9-42BE-A952-53FA6F98637C}.Debug|Any CPU.ActiveCfg = Debug|Any CPU
		{821496F2-11B9-42BE-A952-53FA6F98637C}.Debug|Any CPU.Build.0 = Debug|Any CPU
		{821496F2-11B9-42BE-A952-53FA6F98637C}.Release|Any CPU.ActiveCfg = Release|Any CPU
		{821496F2-11B9-42BE-A952-53FA6F98637C}.Release|Any CPU.Build.0 = Release|Any CPU
		{21B31712-E66A-4FF5-9922-8A37CAAB0527}.Debug|Any CPU.ActiveCfg = Debug|Any CPU
		{21B31712-E66A-4FF5-9922-8A37CAAB0527}.Debug|Any CPU.Build.0 = Debug|Any CPU
		{21B31712-E66A-4FF5-9922-8A37CAAB0527}.Release|Any CPU.ActiveCfg = Release|Any CPU
		{21B31712-E66A-4FF5-9922-8A37CAAB0527}.Release|Any CPU.Build.0 = Release|Any CPU
		{1556DC7D-CA2A-456F-83E9-2F8419F28985}.Debug|Any CPU.ActiveCfg = Debug|Any CPU
		{1556DC7D-CA2A-456F-83E9-2F8419F28985}.Debug|Any CPU.Build.0 = Debug|Any CPU
		{1556DC7D-CA2A-456F-83E9-2F8419F28985}.Release|Any CPU.ActiveCfg = Release|Any CPU
		{1556DC7D-CA2A-456F-83E9-2F8419F28985}.Release|Any CPU.Build.0 = Release|Any CPU
		{694E9E67-D4E1-45CD-BBB8-13CD05A54385}.Debug|Any CPU.ActiveCfg = Debug|Any CPU
		{694E9E67-D4E1-45CD-BBB8-13CD05A54385}.Debug|Any CPU.Build.0 = Debug|Any CPU
		{694E9E67-D4E1-45CD-BBB8-13CD05A54385}.Release|Any CPU.ActiveCfg = Release|Any CPU
		{694E9E67-D4E1-45CD-BBB8-13CD05A54385}.Release|Any CPU.Build.0 = Release|Any CPU
		{818B7B41-D43F-4842-B335-B3F1ADD24CFD}.Debug|Any CPU.ActiveCfg = Debug|Any CPU
		{818B7B41-D43F-4842-B335-B3F1ADD24CFD}.Debug|Any CPU.Build.0 = Debug|Any CPU
		{818B7B41-D43F-4842-B335-B3F1ADD24CFD}.Release|Any CPU.ActiveCfg = Release|Any CPU
		{818B7B41-D43F-4842-B335-B3F1ADD24CFD}.Release|Any CPU.Build.0 = Release|Any CPU
		{62586428-8594-454A-B047-E60B5E967C84}.Debug|Any CPU.ActiveCfg = Debug|Any CPU
		{62586428-8594-454A-B047-E60B5E967C84}.Debug|Any CPU.Build.0 = Debug|Any CPU
		{62586428-8594-454A-B047-E60B5E967C84}.Release|Any CPU.ActiveCfg = Release|Any CPU
		{62586428-8594-454A-B047-E60B5E967C84}.Release|Any CPU.Build.0 = Release|Any CPU
	EndGlobalSection
	GlobalSection(SolutionProperties) = preSolution
		HideSolutionNode = FALSE
	EndGlobalSection
	GlobalSection(NestedProjects) = preSolution
		{821496F2-11B9-42BE-A952-53FA6F98637C} = {22849306-C2D0-4687-AEF1-8856AFCABD2A}
		{21B31712-E66A-4FF5-9922-8A37CAAB0527} = {856BFE51-B0E9-4E06-BEB3-A7047BC9FEAC}
		{1556DC7D-CA2A-456F-83E9-2F8419F28985} = {02EA681E-C7D8-13C7-8484-4AC65E1B71E8}
		{694E9E67-D4E1-45CD-BBB8-13CD05A54385} = {555DA7F7-1398-4456-AF37-85C97BB968A6}
		{818B7B41-D43F-4842-B335-B3F1ADD24CFD} = {B013A24C-7130-45ED-9E8C-5F899C0102D3}
		{62586428-8594-454A-B047-E60B5E967C84} = {84098EAD-2AA8-4EF7-8FA3-3527E966FD50}
	EndGlobalSection
	GlobalSection(ExtensibilityGlobals) = postSolution
		SolutionGuid = {0153C3B1-BB33-4330-A89D-D259B745C0C4}
	EndGlobalSection
EndGlobal
